
Microsoft Visual Studio Solution File, Format Version 12.00
# Visual Studio Version 16
VisualStudioVersion = 16.0.30002.166
MinimumVisualStudioVersion = 10.0.40219.1
Project("{FAE04EC0-301F-11D3-BF4B-00C04F79EFBC}") = "lab3", "lab3\lab3.csproj", "{CD4D6505-BC55-4393-8A30-9767D7D39DA6}"
EndProject
Global
	GlobalSection(SolutionConfigurationPlatforms) = preSolution
		Debug|Any CPU = Debug|Any CPU
		Release|Any CPU = Release|Any CPU
	EndGlobalSection
	GlobalSection(ProjectConfigurationPlatforms) = postSolution
		{CD4D6505-BC55-4393-8A30-9767D7D39DA6}.Debug|Any CPU.ActiveCfg = Debug|Any CPU
		{CD4D6505-BC55-4393-8A30-9767D7D39DA6}.Debug|Any CPU.Build.0 = Debug|Any CPU
		{CD4D6505-BC55-4393-8A30-9767D7D39DA6}.Release|Any CPU.ActiveCfg = Release|Any CPU
		{CD4D6505-BC55-4393-8A30-9767D7D39DA6}.Release|Any CPU.Build.0 = Release|Any CPU
	EndGlobalSection
	GlobalSection(SolutionProperties) = preSolution
		HideSolutionNode = FALSE
	EndGlobalSection
	GlobalSection(ExtensibilityGlobals) = postSolution
		SolutionGuid = {7D48B9D1-9D1F-4AFF-AF19-BF2F9C5DE048}
	EndGlobalSection
EndGlobal
